// !$*UTF8*$!
{
	archiveVersion = 1;
	classes = {
	};
	objectVersion = 50;
	objects = {

/* Begin PBXBuildFile section */
		1784F5AC25DFC01B00B0BA99 /* AppDelegate.swift in Sources */ = {isa = PBXBuildFile; fileRef = 1784F5AB25DFC01B00B0BA99 /* AppDelegate.swift */; };
		1784F5AE25DFC01B00B0BA99 /* SceneDelegate.swift in Sources */ = {isa = PBXBuildFile; fileRef = 1784F5AD25DFC01B00B0BA99 /* SceneDelegate.swift */; };
		1784F5B025DFC01B00B0BA99 /* ContentView.swift in Sources */ = {isa = PBXBuildFile; fileRef = 1784F5AF25DFC01B00B0BA99 /* ContentView.swift */; };
		1784F5B225DFC01E00B0BA99 /* Assets.xcassets in Resources */ = {isa = PBXBuildFile; fileRef = 1784F5B125DFC01E00B0BA99 /* Assets.xcassets */; };
		1784F5B525DFC01E00B0BA99 /* Preview Assets.xcassets in Resources */ = {isa = PBXBuildFile; fileRef = 1784F5B425DFC01E00B0BA99 /* Preview Assets.xcassets */; };
		1784F5B825DFC01E00B0BA99 /* LaunchScreen.storyboard in Resources */ = {isa = PBXBuildFile; fileRef = 1784F5B625DFC01E00B0BA99 /* LaunchScreen.storyboard */; };
		1784F5C225DFC70700B0BA99 /* ProductSans-Regular.ttf in Resources */ = {isa = PBXBuildFile; fileRef = 1784F5C125DFC70700B0BA99 /* ProductSans-Regular.ttf */; };
		1784F5C825DFD18200B0BA99 /* InfoView.swift in Sources */ = {isa = PBXBuildFile; fileRef = 1784F5C725DFD18200B0BA99 /* InfoView.swift */; };
/* End PBXBuildFile section */

/* Begin PBXFileReference section */
		1784F5A825DFC01B00B0BA99 /* BusinessCard.app */ = {isa = PBXFileReference; explicitFileType = wrapper.application; includeInIndex = 0; path = BusinessCard.app; sourceTree = BUILT_PRODUCTS_DIR; };
		1784F5AB25DFC01B00B0BA99 /* AppDelegate.swift */ = {isa = PBXFileReference; lastKnownFileType = sourcecode.swift; path = AppDelegate.swift; sourceTree = "<group>"; };
		1784F5AD25DFC01B00B0BA99 /* SceneDelegate.swift */ = {isa = PBXFileReference; lastKnownFileType = sourcecode.swift; path = SceneDelegate.swift; sourceTree = "<group>"; };
		1784F5AF25DFC01B00B0BA99 /* ContentView.swift */ = {isa = PBXFileReference; lastKnownFileType = sourcecode.swift; path = ContentView.swift; sourceTree = "<group>"; };
		1784F5B125DFC01E00B0BA99 /* Assets.xcassets */ = {isa = PBXFileReference; lastKnownFileType = folder.assetcatalog; path = Assets.xcassets; sourceTree = "<group>"; };
		1784F5B425DFC01E00B0BA99 /* Preview Assets.xcassets */ = {isa = PBXFileReference; lastKnownFileType = folder.assetcatalog; path = "Preview Assets.xcassets"; sourceTree = "<group>"; };
		1784F5B725DFC01E00B0BA99 /* Base */ = {isa = PBXFileReference; lastKnownFileType = file.storyboard; name = Base; path = Base.lproj/LaunchScreen.storyboard; sourceTree = "<group>"; };
		1784F5B925DFC01E00B0BA99 /* Info.plist */ = {isa = PBXFileReference; lastKnownFileType = text.plist.xml; path = Info.plist; sourceTree = "<group>"; };
		1784F5C125DFC70700B0BA99 /* ProductSans-Regular.ttf */ = {isa = PBXFileReference; lastKnownFileType = file; name = "ProductSans-Regular.ttf"; path = "../../../../../Downloads/ProductSans-Regular.ttf"; sourceTree = "<group>"; };
		1784F5C725DFD18200B0BA99 /* InfoView.swift */ = {isa = PBXFileReference; lastKnownFileType = sourcecode.swift; path = InfoView.swift; sourceTree = "<group>"; };
/* End PBXFileReference section */

/* Begin PBXFrameworksBuildPhase section */
		1784F5A525DFC01B00B0BA99 /* Frameworks */ = {
			isa = PBXFrameworksBuildPhase;
			buildActionMask = 2147483647;
			files = (
			);
			runOnlyForDeploymentPostprocessing = 0;
		};
/* End PBXFrameworksBuildPhase section */

/* Begin PBXGroup section */
		1784F59F25DFC01B00B0BA99 = {
			isa = PBXGroup;
			children = (
				1784F5AA25DFC01B00B0BA99 /* BusinessCard */,
				1784F5A925DFC01B00B0BA99 /* Products */,
			);
			sourceTree = "<group>";
		};
		1784F5A925DFC01B00B0BA99 /* Products */ = {
			isa = PBXGroup;
			children = (
				1784F5A825DFC01B00B0BA99 /* BusinessCard.app */,
			);
			name = Products;
			sourceTree = "<group>";
		};
		1784F5AA25DFC01B00B0BA99 /* BusinessCard */ = {
			isa = PBXGroup;
			children = (
				1784F5C025DFC6B100B0BA99 /* fonts */,
				1784F5AB25DFC01B00B0BA99 /* AppDelegate.swift */,
				1784F5AD25DFC01B00B0BA99 /* SceneDelegate.swift */,
				1784F5AF25DFC01B00B0BA99 /* ContentView.swift */,
				1784F5B125DFC01E00B0BA99 /* Assets.xcassets */,
				1784F5B625DFC01E00B0BA99 /* LaunchScreen.storyboard */,
				1784F5B925DFC01E00B0BA99 /* Info.plist */,
				1784F5B325DFC01E00B0BA99 /* Preview Content */,
				1784F5C725DFD18200B0BA99 /* InfoView.swift */,
			);
			path = BusinessCard;
			sourceTree = "<group>";
		};
		1784F5B325DFC01E00B0BA99 /* Preview Content */ = {
			isa = PBXGroup;
			children = (
				1784F5B425DFC01E00B0BA99 /* Preview Assets.xcassets */,
			);
			path = "Preview Content";
			sourceTree = "<group>";
		};
		1784F5C025DFC6B100B0BA99 /* fonts */ = {
			isa = PBXGroup;
			children = (
				1784F5C125DFC70700B0BA99 /* ProductSans-Regular.ttf */,
			);
			path = fonts;
			sourceTree = "<group>";
		};
/* End PBXGroup section */

/* Begin PBXNativeTarget section */
		1784F5A725DFC01B00B0BA99 /* BusinessCard */ = {
			isa = PBXNativeTarget;
			buildConfigurationList = 1784F5BC25DFC01E00B0BA99 /* Build configuration list for PBXNativeTarget "BusinessCard" */;
			buildPhases = (
				1784F5A425DFC01B00B0BA99 /* Sources */,
				1784F5A525DFC01B00B0BA99 /* Frameworks */,
				1784F5A625DFC01B00B0BA99 /* Resources */,
			);
			buildRules = (
			);
			dependencies = (
			);
			name = BusinessCard;
			productName = BusinessCard;
			productReference = 1784F5A825DFC01B00B0BA99 /* BusinessCard.app */;
			productType = "com.apple.product-type.application";
		};
/* End PBXNativeTarget section */

/* Begin PBXProject section */
		1784F5A025DFC01B00B0BA99 /* Project object */ = {
			isa = PBXProject;
			attributes = {
				LastSwiftUpdateCheck = 1240;
				LastUpgradeCheck = 1240;
				TargetAttributes = {
					1784F5A725DFC01B00B0BA99 = {
						CreatedOnToolsVersion = 12.4;
					};
				};
			};
			buildConfigurationList = 1784F5A325DFC01B00B0BA99 /* Build configuration list for PBXProject "BusinessCard" */;
			compatibilityVersion = "Xcode 9.3";
			developmentRegion = en;
			hasScannedForEncodings = 0;
			knownRegions = (
				en,
				Base,
			);
			mainGroup = 1784F59F25DFC01B00B0BA99;
			productRefGroup = 1784F5A925DFC01B00B0BA99 /* Products */;
			projectDirPath = "";
			projectRoot = "";
			targets = (
				1784F5A725DFC01B00B0BA99 /* BusinessCard */,
			);
		};
/* End PBXProject section */

/* Begin PBXResourcesBuildPhase section */
		1784F5A625DFC01B00B0BA99 /* Resources */ = {
			isa = PBXResourcesBuildPhase;
			buildActionMask = 2147483647;
			files = (
				1784F5C225DFC70700B0BA99 /* ProductSans-Regular.ttf in Resources */,
				1784F5B825DFC01E00B0BA99 /* LaunchScreen.storyboard in Resources */,
				1784F5B525DFC01E00B0BA99 /* Preview Assets.xcassets in Resources */,
				1784F5B225DFC01E00B0BA99 /* Assets.xcassets in Resources */,
			);
			runOnlyForDeploymentPostprocessing = 0;
		};
/* End PBXResourcesBuildPhase section */

/* Begin PBXSourcesBuildPhase section */
		1784F5A425DFC01B00B0BA99 /* Sources */ = {
			isa = PBXSourcesBuildPhase;
			buildActionMask = 2147483647;
			files = (
				1784F5C825DFD18200B0BA99 /* InfoView.swift in Sources */,
				1784F5AC25DFC01B00B0BA99 /* AppDelegate.swift in Sources */,
				1784F5AE25DFC01B00B0BA99 /* SceneDelegate.swift in Sources */,
				1784F5B025DFC01B00B0BA99 /* ContentView.swift in Sources */,
			);
			runOnlyForDeploymentPostprocessing = 0;
		};
/* End PBXSourcesBuildPhase section */

/* Begin PBXVariantGroup section */
		1784F5B625DFC01E00B0BA99 /* LaunchScreen.storyboard */ = {
			isa = PBXVariantGroup;
			children = (
				1784F5B725DFC01E00B0BA99 /* Base */,
			);
			name = LaunchScreen.storyboard;
			sourceTree = "<group>";
		};
/* End PBXVariantGroup section */

/* Begin XCBuildConfiguration section */
		1784F5BA25DFC01E00B0BA99 /* Debug */ = {
			isa = XCBuildConfiguration;
			buildSettings = {
				ALWAYS_SEARCH_USER_PATHS = NO;
				CLANG_ANALYZER_NONNULL = YES;
				CLANG_ANALYZER_NUMBER_OBJECT_CONVERSION = YES_AGGRESSIVE;
				CLANG_CXX_LANGUAGE_STANDARD = "gnu++14";
				CLANG_CXX_LIBRARY = "libc++";
				CLANG_ENABLE_MODULES = YES;
				CLANG_ENABLE_OBJC_ARC = YES;
				CLANG_ENABLE_OBJC_WEAK = YES;
				CLANG_WARN_BLOCK_CAPTURE_AUTORELEASING = YES;
				CLANG_WARN_BOOL_CONVERSION = YES;
				CLANG_WARN_COMMA = YES;
				CLANG_WARN_CONSTANT_CONVERSION = YES;
				CLANG_WARN_DEPRECATED_OBJC_IMPLEMENTATIONS = YES;
				CLANG_WARN_DIRECT_OBJC_ISA_USAGE = YES_ERROR;
				CLANG_WARN_DOCUMENTATION_COMMENTS = YES;
				CLANG_WARN_EMPTY_BODY = YES;
				CLANG_WARN_ENUM_CONVERSION = YES;
				CLANG_WARN_INFINITE_RECURSION = YES;
				CLANG_WARN_INT_CONVERSION = YES;
				CLANG_WARN_NON_LITERAL_NULL_CONVERSION = YES;
				CLANG_WARN_OBJC_IMPLICIT_RETAIN_SELF = YES;
				CLANG_WARN_OBJC_LITERAL_CONVERSION = YES;
				CLANG_WARN_OBJC_ROOT_CLASS = YES_ERROR;
				CLANG_WARN_QUOTED_INCLUDE_IN_FRAMEWORK_HEADER = YES;
				CLANG_WARN_RANGE_LOOP_ANALYSIS = YES;
				CLANG_WARN_STRICT_PROTOTYPES = YES;
				CLANG_WARN_SUSPICIOUS_MOVE = YES;
				CLANG_WARN_UNGUARDED_AVAILABILITY = YES_AGGRESSIVE;
				CLANG_WARN_UNREACHABLE_CODE = YES;
				CLANG_WARN__DUPLICATE_METHOD_MATCH = YES;
				COPY_PHASE_STRIP = NO;
				DEBUG_INFORMATION_FORMAT = dwarf;
				ENABLE_STRICT_OBJC_MSGSEND = YES;
				ENABLE_TESTABILITY = YES;
				GCC_C_LANGUAGE_STANDARD = gnu11;
				GCC_DYNAMIC_NO_PIC = NO;
				GCC_NO_COMMON_BLOCKS = YES;
				GCC_OPTIMIZATION_LEVEL = 0;
				GCC_PREPROCESSOR_DEFINITIONS = (
					"DEBUG=1",
					"$(inherited)",
				);
				GCC_WARN_64_TO_32_BIT_CONVERSION = YES;
				GCC_WARN_ABOUT_RETURN_TYPE = YES_ERROR;
				GCC_WARN_UNDECLARED_SELECTOR = YES;
				GCC_WARN_UNINITIALIZED_AUTOS = YES_AGGRESSIVE;
				GCC_WARN_UNUSED_FUNCTION = YES;
				GCC_WARN_UNUSED_VARIABLE = YES;
				IPHONEOS_DEPLOYMENT_TARGET = 14.4;
				MTL_ENABLE_DEBUG_INFO = INCLUDE_SOURCE;
				MTL_FAST_MATH = YES;
				ONLY_ACTIVE_ARCH = YES;
				SDKROOT = iphoneos;
				SWIFT_ACTIVE_COMPILATION_CONDITIONS = DEBUG;
				SWIFT_OPTIMIZATION_LEVEL = "-Onone";
			};
			name = Debug;
		};
		1784F5BB25DFC01E00B0BA99 /* Release */ = {
			isa = XCBuildConfiguration;
			buildSettings = {
				ALWAYS_SEARCH_USER_PATHS = NO;
				CLANG_ANALYZER_NONNULL = YES;
				CLANG_ANALYZER_NUMBER_OBJECT_CONVERSION = YES_AGGRESSIVE;
				CLANG_CXX_LANGUAGE_STANDARD = "gnu++14";
				CLANG_CXX_LIBRARY = "libc++";
				CLANG_ENABLE_MODULES = YES;
				CLANG_ENABLE_OBJC_ARC = YES;
				CLANG_ENABLE_OBJC_WEAK = YES;
				CLANG_WARN_BLOCK_CAPTURE_AUTORELEASING = YES;
				CLANG_WARN_BOOL_CONVERSION = YES;
				CLANG_WARN_COMMA = YES;
				CLANG_WARN_CONSTANT_CONVERSION = YES;
				CLANG_WARN_DEPRECATED_OBJC_IMPLEMENTATIONS = YES;
				CLANG_WARN_DIRECT_OBJC_ISA_USAGE = YES_ERROR;
				CLANG_WARN_DOCUMENTATION_COMMENTS = YES;
				CLANG_WARN_EMPTY_BODY = YES;
				CLANG_WARN_ENUM_CONVERSION = YES;
				CLANG_WARN_INFINITE_RECURSION = YES;
				CLANG_WARN_INT_CONVERSION = YES;
				CLANG_WARN_NON_LITERAL_NULL_CONVERSION = YES;
				CLANG_WARN_OBJC_IMPLICIT_RETAIN_SELF = YES;
				CLANG_WARN_OBJC_LITERAL_CONVERSION = YES;
				CLANG_WARN_OBJC_ROOT_CLASS = YES_ERROR;
				CLANG_WARN_QUOTED_INCLUDE_IN_FRAMEWORK_HEADER = YES;
				CLANG_WARN_RANGE_LOOP_ANALYSIS = YES;
				CLANG_WARN_STRICT_PROTOTYPES = YES;
				CLANG_WARN_SUSPICIOUS_MOVE = YES;
				CLANG_WARN_UNGUARDED_AVAILABILITY = YES_AGGRESSIVE;
				CLANG_WARN_UNREACHABLE_CODE = YES;
				CLANG_WARN__DUPLICATE_METHOD_MATCH = YES;
				COPY_PHASE_STRIP = NO;
				DEBUG_INFORMATION_FORMAT = "dwarf-with-dsym";
				ENABLE_NS_ASSERTIONS = NO;
				ENABLE_STRICT_OBJC_MSGSEND = YES;
				GCC_C_LANGUAGE_STANDARD = gnu11;
				GCC_NO_COMMON_BLOCKS = YES;
				GCC_WARN_64_TO_32_BIT_CONVERSION = YES;
				GCC_WARN_ABOUT_RETURN_TYPE = YES_ERROR;
				GCC_WARN_UNDECLARED_SELECTOR = YES;
				GCC_WARN_UNINITIALIZED_AUTOS = YES_AGGRESSIVE;
				GCC_WARN_UNUSED_FUNCTION = YES;
				GCC_WARN_UNUSED_VARIABLE = YES;
				IPHONEOS_DEPLOYMENT_TARGET = 14.4;
				MTL_ENABLE_DEBUG_INFO = NO;
				MTL_FAST_MATH = YES;
				SDKROOT = iphoneos;
				SWIFT_COMPILATION_MODE = wholemodule;
				SWIFT_OPTIMIZATION_LEVEL = "-O";
				VALIDATE_PRODUCT = YES;
			};
			name = Release;
		};
		1784F5BD25DFC01E00B0BA99 /* Debug */ = {
			isa = XCBuildConfiguration;
			buildSettings = {
				ASSETCATALOG_COMPILER_APPICON_NAME = AppIcon;
				ASSETCATALOG_COMPILER_GLOBAL_ACCENT_COLOR_NAME = AccentColor;
				CODE_SIGN_STYLE = Automatic;
				DEVELOPMENT_ASSET_PATHS = "\"BusinessCard/Preview Content\"";
				DEVELOPMENT_TEAM = 2M2846A492;
				ENABLE_PREVIEWS = YES;
				INFOPLIST_FILE = BusinessCard/Info.plist;
				LD_RUNPATH_SEARCH_PATHS = (
					"$(inherited)",
					"@executable_path/Frameworks",
				);
				PRODUCT_BUNDLE_IDENTIFIER = com.gokulrama.BusinessCard;
				PRODUCT_NAME = "$(TARGET_NAME)";
				SWIFT_VERSION = 5.0;
				TARGETED_DEVICE_FAMILY = "1,2";
			};
			name = Debug;
		};
		1784F5BE25DFC01E00B0BA99 /* Release */ = {
			isa = XCBuildConfiguration;
			buildSettings = {
				ASSETCATALOG_COMPILER_APPICON_NAME = AppIcon;
				ASSETCATALOG_COMPILER_GLOBAL_ACCENT_COLOR_NAME = AccentColor;
				CODE_SIGN_STYLE = Automatic;
				DEVELOPMENT_ASSET_PATHS = "\"BusinessCard/Preview Content\"";
				DEVELOPMENT_TEAM = 2M2846A492;
				ENABLE_PREVIEWS = YES;
				INFOPLIST_FILE = BusinessCard/Info.plist;
				LD_RUNPATH_SEARCH_PATHS = (
					"$(inherited)",
					"@executable_path/Frameworks",
				);
				PRODUCT_BUNDLE_IDENTIFIER = com.gokulrama.BusinessCard;
				PRODUCT_NAME = "$(TARGET_NAME)";
				SWIFT_VERSION = 5.0;
				TARGETED_DEVICE_FAMILY = "1,2";
			};
			name = Release;
		};
/* End XCBuildConfiguration section */

/* Begin XCConfigurationList section */
		1784F5A325DFC01B00B0BA99 /* Build configuration list for PBXProject "BusinessCard" */ = {
			isa = XCConfigurationList;
			buildConfigurations = (
				1784F5BA25DFC01E00B0BA99 /* Debug */,
				1784F5BB25DFC01E00B0BA99 /* Release */,
			);
			defaultConfigurationIsVisible = 0;
			defaultConfigurationName = Release;
		};
		1784F5BC25DFC01E00B0BA99 /* Build configuration list for PBXNativeTarget "BusinessCard" */ = {
			isa = XCConfigurationList;
			buildConfigurations = (
				1784F5BD25DFC01E00B0BA99 /* Debug */,
				1784F5BE25DFC01E00B0BA99 /* Release */,
			);
			defaultConfigurationIsVisible = 0;
			defaultConfigurationName = Release;
		};
/* End XCConfigurationList section */
	};
	rootObject = 1784F5A025DFC01B00B0BA99 /* Project object */;
}
